
Microsoft Visual Studio Solution File, Format Version 12.00
# Visual Studio Version 16
VisualStudioVersion = 16.0.31624.102
MinimumVisualStudioVersion = 10.0.40219.1
Project("{FAE04EC0-301F-11D3-BF4B-00C04F79EFBC}") = "StealthGame", "StealthGame.csproj", "{A5D78759-5656-45E1-AFD3-A9FD5BEFD2E8}"
EndProject
Project("{FAE04EC0-301F-11D3-BF4B-00C04F79EFBC}") = "StealthGameTest", "..\StealthGameTest\StealthGameTest.csproj", "{3B9FE292-A51C-47E1-8785-A15796CD03F1}"
EndProject
Global
	GlobalSection(SolutionConfigurationPlatforms) = preSolution
		Debug|Any CPU = Debug|Any CPU
		Release|Any CPU = Release|Any CPU
	EndGlobalSection
	GlobalSection(ProjectConfigurationPlatforms) = postSolution
		{A5D78759-5656-45E1-AFD3-A9FD5BEFD2E8}.Debug|Any CPU.ActiveCfg = Debug|Any CPU
		{A5D78759-5656-45E1-AFD3-A9FD5BEFD2E8}.Debug|Any CPU.Build.0 = Debug|Any CPU
		{A5D78759-5656-45E1-AFD3-A9FD5BEFD2E8}.Release|Any CPU.ActiveCfg = Release|Any CPU
		{A5D78759-5656-45E1-AFD3-A9FD5BEFD2E8}.Release|Any CPU.Build.0 = Release|Any CPU
		{3B9FE292-A51C-47E1-8785-A15796CD03F1}.Debug|Any CPU.ActiveCfg = Debug|Any CPU
		{3B9FE292-A51C-47E1-8785-A15796CD03F1}.Debug|Any CPU.Build.0 = Debug|Any CPU
		{3B9FE292-A51C-47E1-8785-A15796CD03F1}.Release|Any CPU.ActiveCfg = Release|Any CPU
		{3B9FE292-A51C-47E1-8785-A15796CD03F1}.Release|Any CPU.Build.0 = Release|Any CPU
	EndGlobalSection
	GlobalSection(SolutionProperties) = preSolution
		HideSolutionNode = FALSE
	EndGlobalSection
	GlobalSection(ExtensibilityGlobals) = postSolution
		SolutionGuid = {131BC7A9-F43C-410D-ACC4-B941B0F50B75}
	EndGlobalSection
EndGlobal
